// !$*UTF8*$!
{
	archiveVersion = 1;
	classes = {
	};
	objectVersion = 46;
	objects = {

/* Begin PBXBuildFile section */
		2873CA751CE5912400D889ED /* AppDelegate.swift in Sources */ = {isa = PBXBuildFile; fileRef = 2873CA741CE5912400D889ED /* AppDelegate.swift */; };
		2873CA771CE5912400D889ED /* ViewController.swift in Sources */ = {isa = PBXBuildFile; fileRef = 2873CA761CE5912400D889ED /* ViewController.swift */; };
		2873CA7A1CE5912400D889ED /* SecondBrain.xcdatamodeld in Sources */ = {isa = PBXBuildFile; fileRef = 2873CA781CE5912400D889ED /* SecondBrain.xcdatamodeld */; };
		2873CA7C1CE5912400D889ED /* Assets.xcassets in Resources */ = {isa = PBXBuildFile; fileRef = 2873CA7B1CE5912400D889ED /* Assets.xcassets */; };
		2873CA7F1CE5912400D889ED /* Main.storyboard in Resources */ = {isa = PBXBuildFile; fileRef = 2873CA7D1CE5912400D889ED /* Main.storyboard */; };
		2873CA8A1CE5912400D889ED /* SecondBrainTests.swift in Sources */ = {isa = PBXBuildFile; fileRef = 2873CA891CE5912400D889ED /* SecondBrainTests.swift */; };
		2873CA951CE5912400D889ED /* SecondBrainUITests.swift in Sources */ = {isa = PBXBuildFile; fileRef = 2873CA941CE5912400D889ED /* SecondBrainUITests.swift */; };
/* End PBXBuildFile section */

/* Begin PBXContainerItemProxy section */
		2873CA861CE5912400D889ED /* PBXContainerItemProxy */ = {
			isa = PBXContainerItemProxy;
			containerPortal = 2873CA691CE5912400D889ED /* Project object */;
			proxyType = 1;
			remoteGlobalIDString = 2873CA701CE5912400D889ED;
			remoteInfo = SecondBrain;
		};
		2873CA911CE5912400D889ED /* PBXContainerItemProxy */ = {
			isa = PBXContainerItemProxy;
			containerPortal = 2873CA691CE5912400D889ED /* Project object */;
			proxyType = 1;
			remoteGlobalIDString = 2873CA701CE5912400D889ED;
			remoteInfo = SecondBrain;
		};
/* End PBXContainerItemProxy section */

/* Begin PBXFileReference section */
		2873CA711CE5912400D889ED /* SecondBrain.app */ = {isa = PBXFileReference; explicitFileType = wrapper.application; includeInIndex = 0; path = SecondBrain.app; sourceTree = BUILT_PRODUCTS_DIR; };
		2873CA741CE5912400D889ED /* AppDelegate.swift */ = {isa = PBXFileReference; lastKnownFileType = sourcecode.swift; path = AppDelegate.swift; sourceTree = "<group>"; };
		2873CA761CE5912400D889ED /* ViewController.swift */ = {isa = PBXFileReference; lastKnownFileType = sourcecode.swift; path = ViewController.swift; sourceTree = "<group>"; };
		2873CA791CE5912400D889ED /* SecondBrain.xcdatamodel */ = {isa = PBXFileReference; lastKnownFileType = wrapper.xcdatamodel; path = SecondBrain.xcdatamodel; sourceTree = "<group>"; };
		2873CA7B1CE5912400D889ED /* Assets.xcassets */ = {isa = PBXFileReference; lastKnownFileType = folder.assetcatalog; path = Assets.xcassets; sourceTree = "<group>"; };
		2873CA7E1CE5912400D889ED /* Base */ = {isa = PBXFileReference; lastKnownFileType = file.storyboard; name = Base; path = Base.lproj/Main.storyboard; sourceTree = "<group>"; };
		2873CA801CE5912400D889ED /* Info.plist */ = {isa = PBXFileReference; lastKnownFileType = text.plist.xml; path = Info.plist; sourceTree = "<group>"; };
		2873CA851CE5912400D889ED /* SecondBrainTests.xctest */ = {isa = PBXFileReference; explicitFileType = wrapper.cfbundle; includeInIndex = 0; path = SecondBrainTests.xctest; sourceTree = BUILT_PRODUCTS_DIR; };
		2873CA891CE5912400D889ED /* SecondBrainTests.swift */ = {isa = PBXFileReference; lastKnownFileType = sourcecode.swift; path = SecondBrainTests.swift; sourceTree = "<group>"; };
		2873CA8B1CE5912400D889ED /* Info.plist */ = {isa = PBXFileReference; lastKnownFileType = text.plist.xml; path = Info.plist; sourceTree = "<group>"; };
		2873CA901CE5912400D889ED /* SecondBrainUITests.xctest */ = {isa = PBXFileReference; explicitFileType = wrapper.cfbundle; includeInIndex = 0; path = SecondBrainUITests.xctest; sourceTree = BUILT_PRODUCTS_DIR; };
		2873CA941CE5912400D889ED /* SecondBrainUITests.swift */ = {isa = PBXFileReference; lastKnownFileType = sourcecode.swift; path = SecondBrainUITests.swift; sourceTree = "<group>"; };
		2873CA961CE5912400D889ED /* Info.plist */ = {isa = PBXFileReference; lastKnownFileType = text.plist.xml; path = Info.plist; sourceTree = "<group>"; };
/* End PBXFileReference section */

/* Begin PBXFrameworksBuildPhase section */
		2873CA6E1CE5912400D889ED /* Frameworks */ = {
			isa = PBXFrameworksBuildPhase;
			buildActionMask = 2147483647;
			files = (
			);
			runOnlyForDeploymentPostprocessing = 0;
		};
		2873CA821CE5912400D889ED /* Frameworks */ = {
			isa = PBXFrameworksBuildPhase;
			buildActionMask = 2147483647;
			files = (
			);
			runOnlyForDeploymentPostprocessing = 0;
		};
		2873CA8D1CE5912400D889ED /* Frameworks */ = {
			isa = PBXFrameworksBuildPhase;
			buildActionMask = 2147483647;
			files = (
			);
			runOnlyForDeploymentPostprocessing = 0;
		};
/* End PBXFrameworksBuildPhase section */

/* Begin PBXGroup section */
		2873CA681CE5912400D889ED = {
			isa = PBXGroup;
			children = (
				2873CA731CE5912400D889ED /* SecondBrain */,
				2873CA881CE5912400D889ED /* SecondBrainTests */,
				2873CA931CE5912400D889ED /* SecondBrainUITests */,
				2873CA721CE5912400D889ED /* Products */,
			);
			sourceTree = "<group>";
		};
		2873CA721CE5912400D889ED /* Products */ = {
			isa = PBXGroup;
			children = (
				2873CA711CE5912400D889ED /* SecondBrain.app */,
				2873CA851CE5912400D889ED /* SecondBrainTests.xctest */,
				2873CA901CE5912400D889ED /* SecondBrainUITests.xctest */,
			);
			name = Products;
			sourceTree = "<group>";
		};
		2873CA731CE5912400D889ED /* SecondBrain */ = {
			isa = PBXGroup;
			children = (
				2873CA741CE5912400D889ED /* AppDelegate.swift */,
				2873CA761CE5912400D889ED /* ViewController.swift */,
				2873CA7B1CE5912400D889ED /* Assets.xcassets */,
				2873CA7D1CE5912400D889ED /* Main.storyboard */,
				2873CA801CE5912400D889ED /* Info.plist */,
				2873CA781CE5912400D889ED /* SecondBrain.xcdatamodeld */,
			);
			path = SecondBrain;
			sourceTree = "<group>";
		};
		2873CA881CE5912400D889ED /* SecondBrainTests */ = {
			isa = PBXGroup;
			children = (
				2873CA891CE5912400D889ED /* SecondBrainTests.swift */,
				2873CA8B1CE5912400D889ED /* Info.plist */,
			);
			path = SecondBrainTests;
			sourceTree = "<group>";
		};
		2873CA931CE5912400D889ED /* SecondBrainUITests */ = {
			isa = PBXGroup;
			children = (
				2873CA941CE5912400D889ED /* SecondBrainUITests.swift */,
				2873CA961CE5912400D889ED /* Info.plist */,
			);
			path = SecondBrainUITests;
			sourceTree = "<group>";
		};
/* End PBXGroup section */

/* Begin PBXNativeTarget section */
		2873CA701CE5912400D889ED /* SecondBrain */ = {
			isa = PBXNativeTarget;
			buildConfigurationList = 2873CA991CE5912400D889ED /* Build configuration list for PBXNativeTarget "SecondBrain" */;
			buildPhases = (
				2873CA6D1CE5912400D889ED /* Sources */,
				2873CA6E1CE5912400D889ED /* Frameworks */,
				2873CA6F1CE5912400D889ED /* Resources */,
			);
			buildRules = (
			);
			dependencies = (
			);
			name = SecondBrain;
			productName = SecondBrain;
			productReference = 2873CA711CE5912400D889ED /* SecondBrain.app */;
			productType = "com.apple.product-type.application";
		};
		2873CA841CE5912400D889ED /* SecondBrainTests */ = {
			isa = PBXNativeTarget;
			buildConfigurationList = 2873CA9C1CE5912400D889ED /* Build configuration list for PBXNativeTarget "SecondBrainTests" */;
			buildPhases = (
				2873CA811CE5912400D889ED /* Sources */,
				2873CA821CE5912400D889ED /* Frameworks */,
				2873CA831CE5912400D889ED /* Resources */,
			);
			buildRules = (
			);
			dependencies = (
				2873CA871CE5912400D889ED /* PBXTargetDependency */,
			);
			name = SecondBrainTests;
			productName = SecondBrainTests;
			productReference = 2873CA851CE5912400D889ED /* SecondBrainTests.xctest */;
			productType = "com.apple.product-type.bundle.unit-test";
		};
		2873CA8F1CE5912400D889ED /* SecondBrainUITests */ = {
			isa = PBXNativeTarget;
			buildConfigurationList = 2873CA9F1CE5912400D889ED /* Build configuration list for PBXNativeTarget "SecondBrainUITests" */;
			buildPhases = (
				2873CA8C1CE5912400D889ED /* Sources */,
				2873CA8D1CE5912400D889ED /* Frameworks */,
				2873CA8E1CE5912400D889ED /* Resources */,
			);
			buildRules = (
			);
			dependencies = (
				2873CA921CE5912400D889ED /* PBXTargetDependency */,
			);
			name = SecondBrainUITests;
			productName = SecondBrainUITests;
			productReference = 2873CA901CE5912400D889ED /* SecondBrainUITests.xctest */;
			productType = "com.apple.product-type.bundle.ui-testing";
		};
/* End PBXNativeTarget section */

/* Begin PBXProject section */
		2873CA691CE5912400D889ED /* Project object */ = {
			isa = PBXProject;
			attributes = {
				LastSwiftUpdateCheck = 0730;
				LastUpgradeCheck = 0730;
				ORGANIZATIONNAME = Remlab;
				TargetAttributes = {
					2873CA701CE5912400D889ED = {
						CreatedOnToolsVersion = 7.3;
					};
					2873CA841CE5912400D889ED = {
						CreatedOnToolsVersion = 7.3;
						TestTargetID = 2873CA701CE5912400D889ED;
					};
					2873CA8F1CE5912400D889ED = {
						CreatedOnToolsVersion = 7.3;
						TestTargetID = 2873CA701CE5912400D889ED;
					};
				};
			};
			buildConfigurationList = 2873CA6C1CE5912400D889ED /* Build configuration list for PBXProject "SecondBrain" */;
			compatibilityVersion = "Xcode 3.2";
			developmentRegion = English;
			hasScannedForEncodings = 0;
			knownRegions = (
				en,
				Base,
			);
			mainGroup = 2873CA681CE5912400D889ED;
			productRefGroup = 2873CA721CE5912400D889ED /* Products */;
			projectDirPath = "";
			projectRoot = "";
			targets = (
				2873CA701CE5912400D889ED /* SecondBrain */,
				2873CA841CE5912400D889ED /* SecondBrainTests */,
				2873CA8F1CE5912400D889ED /* SecondBrainUITests */,
			);
		};
/* End PBXProject section */

/* Begin PBXResourcesBuildPhase section */
		2873CA6F1CE5912400D889ED /* Resources */ = {
			isa = PBXResourcesBuildPhase;
			buildActionMask = 2147483647;
			files = (
				2873CA7C1CE5912400D889ED /* Assets.xcassets in Resources */,
				2873CA7F1CE5912400D889ED /* Main.storyboard in Resources */,
			);
			runOnlyForDeploymentPostprocessing = 0;
		};
		2873CA831CE5912400D889ED /* Resources */ = {
			isa = PBXResourcesBuildPhase;
			buildActionMask = 2147483647;
			files = (
			);
			runOnlyForDeploymentPostprocessing = 0;
		};
		2873CA8E1CE5912400D889ED /* Resources */ = {
			isa = PBXResourcesBuildPhase;
			buildActionMask = 2147483647;
			files = (
			);
			runOnlyForDeploymentPostprocessing = 0;
		};
/* End PBXResourcesBuildPhase section */

/* Begin PBXSourcesBuildPhase section */
		2873CA6D1CE5912400D889ED /* Sources */ = {
			isa = PBXSourcesBuildPhase;
			buildActionMask = 2147483647;
			files = (
				2873CA7A1CE5912400D889ED /* SecondBrain.xcdatamodeld in Sources */,
				2873CA771CE5912400D889ED /* ViewController.swift in Sources */,
				2873CA751CE5912400D889ED /* AppDelegate.swift in Sources */,
			);
			runOnlyForDeploymentPostprocessing = 0;
		};
		2873CA811CE5912400D889ED /* Sources */ = {
			isa = PBXSourcesBuildPhase;
			buildActionMask = 2147483647;
			files = (
				2873CA8A1CE5912400D889ED /* SecondBrainTests.swift in Sources */,
			);
			runOnlyForDeploymentPostprocessing = 0;
		};
		2873CA8C1CE5912400D889ED /* Sources */ = {
			isa = PBXSourcesBuildPhase;
			buildActionMask = 2147483647;
			files = (
				2873CA951CE5912400D889ED /* SecondBrainUITests.swift in Sources */,
			);
			runOnlyForDeploymentPostprocessing = 0;
		};
/* End PBXSourcesBuildPhase section */

/* Begin PBXTargetDependency section */
		2873CA871CE5912400D889ED /* PBXTargetDependency */ = {
			isa = PBXTargetDependency;
			target = 2873CA701CE5912400D889ED /* SecondBrain */;
			targetProxy = 2873CA861CE5912400D889ED /* PBXContainerItemProxy */;
		};
		2873CA921CE5912400D889ED /* PBXTargetDependency */ = {
			isa = PBXTargetDependency;
			target = 2873CA701CE5912400D889ED /* SecondBrain */;
			targetProxy = 2873CA911CE5912400D889ED /* PBXContainerItemProxy */;
		};
/* End PBXTargetDependency section */

/* Begin PBXVariantGroup section */
		2873CA7D1CE5912400D889ED /* Main.storyboard */ = {
			isa = PBXVariantGroup;
			children = (
				2873CA7E1CE5912400D889ED /* Base */,
			);
			name = Main.storyboard;
			sourceTree = "<group>";
		};
/* End PBXVariantGroup section */

/* Begin XCBuildConfiguration section */
		2873CA971CE5912400D889ED /* Debug */ = {
			isa = XCBuildConfiguration;
			buildSettings = {
				ALWAYS_SEARCH_USER_PATHS = NO;
				CLANG_ANALYZER_NONNULL = YES;
				CLANG_CXX_LANGUAGE_STANDARD = "gnu++0x";
				CLANG_CXX_LIBRARY = "libc++";
				CLANG_ENABLE_MODULES = YES;
				CLANG_ENABLE_OBJC_ARC = YES;
				CLANG_WARN_BOOL_CONVERSION = YES;
				CLANG_WARN_CONSTANT_CONVERSION = YES;
				CLANG_WARN_DIRECT_OBJC_ISA_USAGE = YES_ERROR;
				CLANG_WARN_EMPTY_BODY = YES;
				CLANG_WARN_ENUM_CONVERSION = YES;
				CLANG_WARN_INT_CONVERSION = YES;
				CLANG_WARN_OBJC_ROOT_CLASS = YES_ERROR;
				CLANG_WARN_UNREACHABLE_CODE = YES;
				CLANG_WARN__DUPLICATE_METHOD_MATCH = YES;
				CODE_SIGN_IDENTITY = "-";
				COPY_PHASE_STRIP = NO;
				DEBUG_INFORMATION_FORMAT = dwarf;
				ENABLE_STRICT_OBJC_MSGSEND = YES;
				ENABLE_TESTABILITY = YES;
				GCC_C_LANGUAGE_STANDARD = gnu99;
				GCC_DYNAMIC_NO_PIC = NO;
				GCC_NO_COMMON_BLOCKS = YES;
				GCC_OPTIMIZATION_LEVEL = 0;
				GCC_PREPROCESSOR_DEFINITIONS = (
					"DEBUG=1",
					"$(inherited)",
				);
				GCC_WARN_64_TO_32_BIT_CONVERSION = YES;
				GCC_WARN_ABOUT_RETURN_TYPE = YES_ERROR;
				GCC_WARN_UNDECLARED_SELECTOR = YES;
				GCC_WARN_UNINITIALIZED_AUTOS = YES_AGGRESSIVE;
				GCC_WARN_UNUSED_FUNCTION = YES;
				GCC_WARN_UNUSED_VARIABLE = YES;
				MACOSX_DEPLOYMENT_TARGET = 10.11;
				MTL_ENABLE_DEBUG_INFO = YES;
				ONLY_ACTIVE_ARCH = YES;
				SDKROOT = macosx;
				SWIFT_OPTIMIZATION_LEVEL = "-Onone";
			};
			name = Debug;
		};
		2873CA981CE5912400D889ED /* Release */ = {
			isa = XCBuildConfiguration;
			buildSettings = {
				ALWAYS_SEARCH_USER_PATHS = NO;
				CLANG_ANALYZER_NONNULL = YES;
				CLANG_CXX_LANGUAGE_STANDARD = "gnu++0x";
				CLANG_CXX_LIBRARY = "libc++";
				CLANG_ENABLE_MODULES = YES;
				CLANG_ENABLE_OBJC_ARC = YES;
				CLANG_WARN_BOOL_CONVERSION = YES;
				CLANG_WARN_CONSTANT_CONVERSION = YES;
				CLANG_WARN_DIRECT_OBJC_ISA_USAGE = YES_ERROR;
				CLANG_WARN_EMPTY_BODY = YES;
				CLANG_WARN_ENUM_CONVERSION = YES;
				CLANG_WARN_INT_CONVERSION = YES;
				CLANG_WARN_OBJC_ROOT_CLASS = YES_ERROR;
				CLANG_WARN_UNREACHABLE_CODE = YES;
				CLANG_WARN__DUPLICATE_METHOD_MATCH = YES;
				CODE_SIGN_IDENTITY = "-";
				COPY_PHASE_STRIP = NO;
				DEBUG_INFORMATION_FORMAT = "dwarf-with-dsym";
				ENABLE_NS_ASSERTIONS = NO;
				ENABLE_STRICT_OBJC_MSGSEND = YES;
				GCC_C_LANGUAGE_STANDARD = gnu99;
				GCC_NO_COMMON_BLOCKS = YES;
				GCC_WARN_64_TO_32_BIT_CONVERSION = YES;
				GCC_WARN_ABOUT_RETURN_TYPE = YES_ERROR;
				GCC_WARN_UNDECLARED_SELECTOR = YES;
				GCC_WARN_UNINITIALIZED_AUTOS = YES_AGGRESSIVE;
				GCC_WARN_UNUSED_FUNCTION = YES;
				GCC_WARN_UNUSED_VARIABLE = YES;
				MACOSX_DEPLOYMENT_TARGET = 10.11;
				MTL_ENABLE_DEBUG_INFO = NO;
				SDKROOT = macosx;
			};
			name = Release;
		};
		2873CA9A1CE5912400D889ED /* Debug */ = {
			isa = XCBuildConfiguration;
			buildSettings = {
				ASSETCATALOG_COMPILER_APPICON_NAME = AppIcon;
				COMBINE_HIDPI_IMAGES = YES;
				INFOPLIST_FILE = SecondBrain/Info.plist;
				LD_RUNPATH_SEARCH_PATHS = "$(inherited) @executable_path/../Frameworks";
				PRODUCT_BUNDLE_IDENTIFIER = bb.SecondBrain;
				PRODUCT_NAME = "$(TARGET_NAME)";
			};
			name = Debug;
		};
		2873CA9B1CE5912400D889ED /* Release */ = {
			isa = XCBuildConfiguration;
			buildSettings = {
				ASSETCATALOG_COMPILER_APPICON_NAME = AppIcon;
				COMBINE_HIDPI_IMAGES = YES;
				INFOPLIST_FILE = SecondBrain/Info.plist;
				LD_RUNPATH_SEARCH_PATHS = "$(inherited) @executable_path/../Frameworks";
				PRODUCT_BUNDLE_IDENTIFIER = bb.SecondBrain;
				PRODUCT_NAME = "$(TARGET_NAME)";
			};
			name = Release;
		};
		2873CA9D1CE5912400D889ED /* Debug */ = {
			isa = XCBuildConfiguration;
			buildSettings = {
				BUNDLE_LOADER = "$(TEST_HOST)";
				COMBINE_HIDPI_IMAGES = YES;
				INFOPLIST_FILE = SecondBrainTests/Info.plist;
				LD_RUNPATH_SEARCH_PATHS = "$(inherited) @executable_path/../Frameworks @loader_path/../Frameworks";
				PRODUCT_BUNDLE_IDENTIFIER = bb.SecondBrainTests;
				PRODUCT_NAME = "$(TARGET_NAME)";
				TEST_HOST = "$(BUILT_PRODUCTS_DIR)/SecondBrain.app/Contents/MacOS/SecondBrain";
			};
			name = Debug;
		};
		2873CA9E1CE5912400D889ED /* Release */ = {
			isa = XCBuildConfiguration;
			buildSettings = {
				BUNDLE_LOADER = "$(TEST_HOST)";
				COMBINE_HIDPI_IMAGES = YES;
				INFOPLIST_FILE = SecondBrainTests/Info.plist;
				LD_RUNPATH_SEARCH_PATHS = "$(inherited) @executable_path/../Frameworks @loader_path/../Frameworks";
				PRODUCT_BUNDLE_IDENTIFIER = bb.SecondBrainTests;
				PRODUCT_NAME = "$(TARGET_NAME)";
				TEST_HOST = "$(BUILT_PRODUCTS_DIR)/SecondBrain.app/Contents/MacOS/SecondBrain";
			};
			name = Release;
		};
		2873CAA01CE5912400D889ED /* Debug */ = {
			isa = XCBuildConfiguration;
			buildSettings = {
				COMBINE_HIDPI_IMAGES = YES;
				INFOPLIST_FILE = SecondBrainUITests/Info.plist;
				LD_RUNPATH_SEARCH_PATHS = "$(inherited) @executable_path/../Frameworks @loader_path/../Frameworks";
				PRODUCT_BUNDLE_IDENTIFIER = bb.SecondBrainUITests;
				PRODUCT_NAME = "$(TARGET_NAME)";
				TEST_TARGET_NAME = SecondBrain;
			};
			name = Debug;
		};
		2873CAA11CE5912400D889ED /* Release */ = {
			isa = XCBuildConfiguration;
			buildSettings = {
				COMBINE_HIDPI_IMAGES = YES;
				INFOPLIST_FILE = SecondBrainUITests/Info.plist;
				LD_RUNPATH_SEARCH_PATHS = "$(inherited) @executable_path/../Frameworks @loader_path/../Frameworks";
				PRODUCT_BUNDLE_IDENTIFIER = bb.SecondBrainUITests;
				PRODUCT_NAME = "$(TARGET_NAME)";
				TEST_TARGET_NAME = SecondBrain;
			};
			name = Release;
		};
/* End XCBuildConfiguration section */

/* Begin XCConfigurationList section */
		2873CA6C1CE5912400D889ED /* Build configuration list for PBXProject "SecondBrain" */ = {
			isa = XCConfigurationList;
			buildConfigurations = (
				2873CA971CE5912400D889ED /* Debug */,
				2873CA981CE5912400D889ED /* Release */,
			);
			defaultConfigurationIsVisible = 0;
			defaultConfigurationName = Release;
		};
		2873CA991CE5912400D889ED /* Build configuration list for PBXNativeTarget "SecondBrain" */ = {
			isa = XCConfigurationList;
			buildConfigurations = (
				2873CA9A1CE5912400D889ED /* Debug */,
				2873CA9B1CE5912400D889ED /* Release */,
			);
			defaultConfigurationIsVisible = 0;
		};
		2873CA9C1CE5912400D889ED /* Build configuration list for PBXNativeTarget "SecondBrainTests" */ = {
			isa = XCConfigurationList;
			buildConfigurations = (
				2873CA9D1CE5912400D889ED /* Debug */,
				2873CA9E1CE5912400D889ED /* Release */,
			);
			defaultConfigurationIsVisible = 0;
		};
		2873CA9F1CE5912400D889ED /* Build configuration list for PBXNativeTarget "SecondBrainUITests" */ = {
			isa = XCConfigurationList;
			buildConfigurations = (
				2873CAA01CE5912400D889ED /* Debug */,
				2873CAA11CE5912400D889ED /* Release */,
			);
			defaultConfigurationIsVisible = 0;
		};
/* End XCConfigurationList section */

/* Begin XCVersionGroup section */
		2873CA781CE5912400D889ED /* SecondBrain.xcdatamodeld */ = {
			isa = XCVersionGroup;
			children = (
				2873CA791CE5912400D889ED /* SecondBrain.xcdatamodel */,
			);
			currentVersion = 2873CA791CE5912400D889ED /* SecondBrain.xcdatamodel */;
			path = SecondBrain.xcdatamodeld;
			sourceTree = "<group>";
			versionGroupType = wrapper.xcdatamodel;
		};
/* End XCVersionGroup section */
	};
	rootObject = 2873CA691CE5912400D889ED /* Project object */;
}
